dependencies:
- name: chimp-chomp
  repository: ""
  version: 0.0.3
- name: compound-library
  repository: ""
  version: 0.0.1
- name: pin-packing
  repository: ""
  version: 0.0.3
- name: targeting
  repository: ""
  version: 0.0.2
- name: grafana
  repository: https://grafana.github.io/helm-charts
  version: 6.58.8
- name: keda
  repository: https://kedacore.github.io/charts
  version: 2.10.2
- name: opa-kube-mgmt
  repository: https://open-policy-agent.github.io/kube-mgmt/charts
  version: 8.3.0
- name: prometheus
  repository: https://prometheus-community.github.io/helm-charts
  version: 25.0.0
- name: thanos
  repository: oci://docker.io/bitnamicharts
  version: 12.11.0
- name: rabbitmq
  repository: oci://docker.io/bitnamicharts
  version: 12.0.7
- name: oauth2-proxy
  repository: oci://registry-1.docker.io/bitnamicharts
  version: 3.7.4
- name: oauth2-proxy
  repository: oci://registry-1.docker.io/bitnamicharts
  version: 3.7.4
digest: sha256:37e0bc3ab1b7e071e600dc4e8416c4e98bed058f54fec0b1ee7b488f2eabe8d7
generated: "2024-02-19T17:22:02.993010787Z"
